
Microsoft Visual Studio Solution File, Format Version 12.00
# Visual Studio 2013
VisualStudioVersion = 12.0.30110.0
MinimumVisualStudioVersion = 10.0.40219.1
Project("{FAE04EC0-301F-11D3-BF4B-00C04F79EFBC}") = "Jails", "src\Jails\Jails.csproj", "{AC68A373-8F8A-4DCF-A4BE-9FC60999901C}"
EndProject
Project("{FAE04EC0-301F-11D3-BF4B-00C04F79EFBC}") = "Jails.Tests.Integration", "src\Jails.Tests.Integration\Jails.Tests.Integration.csproj", "{12AAF472-308E-4819-BBE4-EA3E93189B6E}"
EndProject
Project("{2150E333-8FDC-42A3-9474-1A3956D46DE8}") = "Tests", "Tests", "{C583DA97-C97B-470A-8F71-D69B894C5046}"
EndProject
Project("{FAE04EC0-301F-11D3-BF4B-00C04F79EFBC}") = "Calculator", "src\Calculator\Calculator.csproj", "{C93170F7-67E6-4F56-9661-1FDE402C4C31}"
EndProject
Project("{FAE04EC0-301F-11D3-BF4B-00C04F79EFBC}") = "Jails.Tests", "src\Jails.Tests\Jails.Tests.csproj", "{9EC3D330-81CD-4A37-9886-558F58B2DBC6}"
EndProject
Project("{2150E333-8FDC-42A3-9474-1A3956D46DE8}") = "Extensions", "Extensions", "{61FB0BCE-0EFF-453C-9628-A0F9382AD4B7}"
EndProject
Project("{FAE04EC0-301F-11D3-BF4B-00C04F79EFBC}") = "Jails.Extensions.Roslyn", "src\Jails.Extensions.Roslyn\Jails.Extensions.Roslyn.csproj", "{B81BC5FF-B04E-4440-B4BA-493A7CD6F4ED}"
EndProject
Project("{2150E333-8FDC-42A3-9474-1A3956D46DE8}") = "Roslyn", "Roslyn", "{47A89E05-7A50-43A8-B7B1-B824C96C2613}"
EndProject
Project("{FAE04EC0-301F-11D3-BF4B-00C04F79EFBC}") = "Jails.Extensions.Roslyn.Tests", "src\Jails.Extensions.Roslyn.Tests\Jails.Extensions.Roslyn.Tests.csproj", "{62BE27A7-41C0-47DA-9D30-7BCFD8A89FB2}"
EndProject
Project("{2150E333-8FDC-42A3-9474-1A3956D46DE8}") = "Environments", "Environments", "{7A0BD94F-B6F3-459A-B6BA-B686DE7D907E}"
EndProject
Project("{2150E333-8FDC-42A3-9474-1A3956D46DE8}") = "Nancy", "Nancy", "{DFBEEE78-1E95-4231-8CE7-9BFC76764DB3}"
EndProject
Project("{FAE04EC0-301F-11D3-BF4B-00C04F79EFBC}") = "Jails.Environments.Nancy", "src\Jails.Environments.Nancy\Jails.Environments.Nancy.csproj", "{DF15D7C3-4935-438D-95EA-A9901B4EACF1}"
EndProject
Project("{FAE04EC0-301F-11D3-BF4B-00C04F79EFBC}") = "Jails.Environments.Nancy.Tests", "src\Jails.Environments.Nancy.Tests\Jails.Environments.Nancy.Tests.csproj", "{9030C042-2911-4966-9996-29C9C2C22A56}"
EndProject
Project("{FAE04EC0-301F-11D3-BF4B-00C04F79EFBC}") = "Jails.Environments.Nancy.Sandbox", "src\Jails.Environments.Nancy.Sandbox\Jails.Environments.Nancy.Sandbox.csproj", "{D8334FE9-100B-449E-B822-115AF6AB059E}"
EndProject
Global
	GlobalSection(SolutionConfigurationPlatforms) = preSolution
		Debug|Any CPU = Debug|Any CPU
		Release|Any CPU = Release|Any CPU
	EndGlobalSection
	GlobalSection(ProjectConfigurationPlatforms) = postSolution
		{AC68A373-8F8A-4DCF-A4BE-9FC60999901C}.Debug|Any CPU.ActiveCfg = Debug|Any CPU
		{AC68A373-8F8A-4DCF-A4BE-9FC60999901C}.Debug|Any CPU.Build.0 = Debug|Any CPU
		{AC68A373-8F8A-4DCF-A4BE-9FC60999901C}.Release|Any CPU.ActiveCfg = Release|Any CPU
		{AC68A373-8F8A-4DCF-A4BE-9FC60999901C}.Release|Any CPU.Build.0 = Release|Any CPU
		{12AAF472-308E-4819-BBE4-EA3E93189B6E}.Debug|Any CPU.ActiveCfg = Debug|Any CPU
		{12AAF472-308E-4819-BBE4-EA3E93189B6E}.Debug|Any CPU.Build.0 = Debug|Any CPU
		{12AAF472-308E-4819-BBE4-EA3E93189B6E}.Release|Any CPU.ActiveCfg = Release|Any CPU
		{12AAF472-308E-4819-BBE4-EA3E93189B6E}.Release|Any CPU.Build.0 = Release|Any CPU
		{C93170F7-67E6-4F56-9661-1FDE402C4C31}.Debug|Any CPU.ActiveCfg = Debug|Any CPU
		{C93170F7-67E6-4F56-9661-1FDE402C4C31}.Debug|Any CPU.Build.0 = Debug|Any CPU
		{C93170F7-67E6-4F56-9661-1FDE402C4C31}.Release|Any CPU.ActiveCfg = Release|Any CPU
		{C93170F7-67E6-4F56-9661-1FDE402C4C31}.Release|Any CPU.Build.0 = Release|Any CPU
		{9EC3D330-81CD-4A37-9886-558F58B2DBC6}.Debug|Any CPU.ActiveCfg = Debug|Any CPU
		{9EC3D330-81CD-4A37-9886-558F58B2DBC6}.Debug|Any CPU.Build.0 = Debug|Any CPU
		{9EC3D330-81CD-4A37-9886-558F58B2DBC6}.Release|Any CPU.ActiveCfg = Release|Any CPU
		{9EC3D330-81CD-4A37-9886-558F58B2DBC6}.Release|Any CPU.Build.0 = Release|Any CPU
		{B81BC5FF-B04E-4440-B4BA-493A7CD6F4ED}.Debug|Any CPU.ActiveCfg = Debug|Any CPU
		{B81BC5FF-B04E-4440-B4BA-493A7CD6F4ED}.Debug|Any CPU.Build.0 = Debug|Any CPU
		{B81BC5FF-B04E-4440-B4BA-493A7CD6F4ED}.Release|Any CPU.ActiveCfg = Release|Any CPU
		{B81BC5FF-B04E-4440-B4BA-493A7CD6F4ED}.Release|Any CPU.Build.0 = Release|Any CPU
		{62BE27A7-41C0-47DA-9D30-7BCFD8A89FB2}.Debug|Any CPU.ActiveCfg = Debug|Any CPU
		{62BE27A7-41C0-47DA-9D30-7BCFD8A89FB2}.Debug|Any CPU.Build.0 = Debug|Any CPU
		{62BE27A7-41C0-47DA-9D30-7BCFD8A89FB2}.Release|Any CPU.ActiveCfg = Release|Any CPU
		{62BE27A7-41C0-47DA-9D30-7BCFD8A89FB2}.Release|Any CPU.Build.0 = Release|Any CPU
		{DF15D7C3-4935-438D-95EA-A9901B4EACF1}.Debug|Any CPU.ActiveCfg = Debug|Any CPU
		{DF15D7C3-4935-438D-95EA-A9901B4EACF1}.Debug|Any CPU.Build.0 = Debug|Any CPU
		{DF15D7C3-4935-438D-95EA-A9901B4EACF1}.Release|Any CPU.ActiveCfg = Release|Any CPU
		{DF15D7C3-4935-438D-95EA-A9901B4EACF1}.Release|Any CPU.Build.0 = Release|Any CPU
		{9030C042-2911-4966-9996-29C9C2C22A56}.Debug|Any CPU.ActiveCfg = Debug|Any CPU
		{9030C042-2911-4966-9996-29C9C2C22A56}.Debug|Any CPU.Build.0 = Debug|Any CPU
		{9030C042-2911-4966-9996-29C9C2C22A56}.Release|Any CPU.ActiveCfg = Release|Any CPU
		{9030C042-2911-4966-9996-29C9C2C22A56}.Release|Any CPU.Build.0 = Release|Any CPU
		{D8334FE9-100B-449E-B822-115AF6AB059E}.Debug|Any CPU.ActiveCfg = Debug|Any CPU
		{D8334FE9-100B-449E-B822-115AF6AB059E}.Debug|Any CPU.Build.0 = Debug|Any CPU
		{D8334FE9-100B-449E-B822-115AF6AB059E}.Release|Any CPU.ActiveCfg = Release|Any CPU
		{D8334FE9-100B-449E-B822-115AF6AB059E}.Release|Any CPU.Build.0 = Release|Any CPU
	EndGlobalSection
	GlobalSection(SolutionProperties) = preSolution
		HideSolutionNode = FALSE
	EndGlobalSection
	GlobalSection(NestedProjects) = preSolution
		{12AAF472-308E-4819-BBE4-EA3E93189B6E} = {C583DA97-C97B-470A-8F71-D69B894C5046}
		{C93170F7-67E6-4F56-9661-1FDE402C4C31} = {C583DA97-C97B-470A-8F71-D69B894C5046}
		{9EC3D330-81CD-4A37-9886-558F58B2DBC6} = {C583DA97-C97B-470A-8F71-D69B894C5046}
		{47A89E05-7A50-43A8-B7B1-B824C96C2613} = {61FB0BCE-0EFF-453C-9628-A0F9382AD4B7}
		{B81BC5FF-B04E-4440-B4BA-493A7CD6F4ED} = {47A89E05-7A50-43A8-B7B1-B824C96C2613}
		{62BE27A7-41C0-47DA-9D30-7BCFD8A89FB2} = {47A89E05-7A50-43A8-B7B1-B824C96C2613}
		{DFBEEE78-1E95-4231-8CE7-9BFC76764DB3} = {7A0BD94F-B6F3-459A-B6BA-B686DE7D907E}
		{DF15D7C3-4935-438D-95EA-A9901B4EACF1} = {DFBEEE78-1E95-4231-8CE7-9BFC76764DB3}
		{9030C042-2911-4966-9996-29C9C2C22A56} = {DFBEEE78-1E95-4231-8CE7-9BFC76764DB3}
		{D8334FE9-100B-449E-B822-115AF6AB059E} = {DFBEEE78-1E95-4231-8CE7-9BFC76764DB3}
	EndGlobalSection
EndGlobal
